
Microsoft Visual Studio Solution File, Format Version 12.00
Project("{FAE04EC0-301F-11D3-BF4B-00C04F79EFBC}") = "Demo1", "Demo1\Demo1.csproj", "{859809FE-6D3A-4242-9FFF-A6AB66EFBAFF}"
EndProject
Global
	GlobalSection(SolutionConfigurationPlatforms) = preSolution
		Debug|Any CPU = Debug|Any CPU
		Release|Any CPU = Release|Any CPU
	EndGlobalSection
	GlobalSection(ProjectConfigurationPlatforms) = postSolution
		{859809FE-6D3A-4242-9FFF-A6AB66EFBAFF}.Debug|Any CPU.ActiveCfg = Debug|Any CPU
		{859809FE-6D3A-4242-9FFF-A6AB66EFBAFF}.Debug|Any CPU.Build.0 = Debug|Any CPU
		{859809FE-6D3A-4242-9FFF-A6AB66EFBAFF}.Release|Any CPU.ActiveCfg = Release|Any CPU
		{859809FE-6D3A-4242-9FFF-A6AB66EFBAFF}.Release|Any CPU.Build.0 = Release|Any CPU
	EndGlobalSection
EndGlobal
